
Microsoft Visual Studio Solution File, Format Version 12.00
# Visual Studio Version 16
VisualStudioVersion = 16.0.32602.291
MinimumVisualStudioVersion = 10.0.40219.1
Project("{FAE04EC0-301F-11D3-BF4B-00C04F79EFBC}") = "Assignment 4", "Assignment 4.csproj", "{F27448B1-A93A-455D-A205-F11822D58F3B}"
EndProject
Global
	GlobalSection(SolutionConfigurationPlatforms) = preSolution
		Debug|Any CPU = Debug|Any CPU
		Release|Any CPU = Release|Any CPU
	EndGlobalSection
	GlobalSection(ProjectConfigurationPlatforms) = postSolution
		{F27448B1-A93A-455D-A205-F11822D58F3B}.Debug|Any CPU.ActiveCfg = Debug|Any CPU
		{F27448B1-A93A-455D-A205-F11822D58F3B}.Debug|Any CPU.Build.0 = Debug|Any CPU
		{F27448B1-A93A-455D-A205-F11822D58F3B}.Release|Any CPU.ActiveCfg = Release|Any CPU
		{F27448B1-A93A-455D-A205-F11822D58F3B}.Release|Any CPU.Build.0 = Release|Any CPU
	EndGlobalSection
	GlobalSection(SolutionProperties) = preSolution
		HideSolutionNode = FALSE
	EndGlobalSection
	GlobalSection(ExtensibilityGlobals) = postSolution
		SolutionGuid = {40D44196-7F80-4EF6-BA3D-081715B6BD35}
	EndGlobalSection
EndGlobal
